// !$*UTF8*$!
{
	archiveVersion = 1;
	classes = {
	};
	objectVersion = 50;
	objects = {

/* Begin PBXBuildFile section */
		F47A931B248EC9AF00141999 /* AppDelegate.swift in Sources */ = {isa = PBXBuildFile; fileRef = F47A931A248EC9AF00141999 /* AppDelegate.swift */; };
		F47A931D248EC9AF00141999 /* SceneDelegate.swift in Sources */ = {isa = PBXBuildFile; fileRef = F47A931C248EC9AF00141999 /* SceneDelegate.swift */; };
		F47A931F248EC9AF00141999 /* ViewController.swift in Sources */ = {isa = PBXBuildFile; fileRef = F47A931E248EC9AF00141999 /* ViewController.swift */; };
		F47A9322248EC9AF00141999 /* Main.storyboard in Resources */ = {isa = PBXBuildFile; fileRef = F47A9320248EC9AF00141999 /* Main.storyboard */; };
		F47A9324248EC9B300141999 /* Assets.xcassets in Resources */ = {isa = PBXBuildFile; fileRef = F47A9323248EC9B300141999 /* Assets.xcassets */; };
		F47A9327248EC9B300141999 /* LaunchScreen.storyboard in Resources */ = {isa = PBXBuildFile; fileRef = F47A9325248EC9B300141999 /* LaunchScreen.storyboard */; };
		F47A9332248EC9B300141999 /* MarvelCharactersTests.swift in Sources */ = {isa = PBXBuildFile; fileRef = F47A9331248EC9B300141999 /* MarvelCharactersTests.swift */; };
/* End PBXBuildFile section */

/* Begin PBXContainerItemProxy section */
		F47A932E248EC9B300141999 /* PBXContainerItemProxy */ = {
			isa = PBXContainerItemProxy;
			containerPortal = F47A930F248EC9AE00141999 /* Project object */;
			proxyType = 1;
			remoteGlobalIDString = F47A9316248EC9AF00141999;
			remoteInfo = MarvelCharacters;
		};
/* End PBXContainerItemProxy section */

/* Begin PBXFileReference section */
		F47A9317248EC9AF00141999 /* MarvelCharacters.app */ = {isa = PBXFileReference; explicitFileType = wrapper.application; includeInIndex = 0; path = MarvelCharacters.app; sourceTree = BUILT_PRODUCTS_DIR; };
		F47A931A248EC9AF00141999 /* AppDelegate.swift */ = {isa = PBXFileReference; lastKnownFileType = sourcecode.swift; path = AppDelegate.swift; sourceTree = "<group>"; };
		F47A931C248EC9AF00141999 /* SceneDelegate.swift */ = {isa = PBXFileReference; lastKnownFileType = sourcecode.swift; path = SceneDelegate.swift; sourceTree = "<group>"; };
		F47A931E248EC9AF00141999 /* ViewController.swift */ = {isa = PBXFileReference; lastKnownFileType = sourcecode.swift; path = ViewController.swift; sourceTree = "<group>"; };
		F47A9321248EC9AF00141999 /* Base */ = {isa = PBXFileReference; lastKnownFileType = file.storyboard; name = Base; path = Base.lproj/Main.storyboard; sourceTree = "<group>"; };
		F47A9323248EC9B300141999 /* Assets.xcassets */ = {isa = PBXFileReference; lastKnownFileType = folder.assetcatalog; path = Assets.xcassets; sourceTree = "<group>"; };
		F47A9326248EC9B300141999 /* Base */ = {isa = PBXFileReference; lastKnownFileType = file.storyboard; name = Base; path = Base.lproj/LaunchScreen.storyboard; sourceTree = "<group>"; };
		F47A9328248EC9B300141999 /* Info.plist */ = {isa = PBXFileReference; lastKnownFileType = text.plist.xml; path = Info.plist; sourceTree = "<group>"; };
		F47A932D248EC9B300141999 /* MarvelCharactersTests.xctest */ = {isa = PBXFileReference; explicitFileType = wrapper.cfbundle; includeInIndex = 0; path = MarvelCharactersTests.xctest; sourceTree = BUILT_PRODUCTS_DIR; };
		F47A9331248EC9B300141999 /* MarvelCharactersTests.swift */ = {isa = PBXFileReference; lastKnownFileType = sourcecode.swift; path = MarvelCharactersTests.swift; sourceTree = "<group>"; };
		F47A9333248EC9B300141999 /* Info.plist */ = {isa = PBXFileReference; lastKnownFileType = text.plist.xml; path = Info.plist; sourceTree = "<group>"; };
/* End PBXFileReference section */

/* Begin PBXFrameworksBuildPhase section */
		F47A9314248EC9AF00141999 /* Frameworks */ = {
			isa = PBXFrameworksBuildPhase;
			buildActionMask = 2147483647;
			files = (
			);
			runOnlyForDeploymentPostprocessing = 0;
		};
		F47A932A248EC9B300141999 /* Frameworks */ = {
			isa = PBXFrameworksBuildPhase;
			buildActionMask = 2147483647;
			files = (
			);
			runOnlyForDeploymentPostprocessing = 0;
		};
/* End PBXFrameworksBuildPhase section */

/* Begin PBXGroup section */
		F47A930E248EC9AE00141999 = {
			isa = PBXGroup;
			children = (
				F47A9319248EC9AF00141999 /* MarvelCharacters */,
				F47A9330248EC9B300141999 /* MarvelCharactersTests */,
				F47A9318248EC9AF00141999 /* Products */,
			);
			sourceTree = "<group>";
		};
		F47A9318248EC9AF00141999 /* Products */ = {
			isa = PBXGroup;
			children = (
				F47A9317248EC9AF00141999 /* MarvelCharacters.app */,
				F47A932D248EC9B300141999 /* MarvelCharactersTests.xctest */,
			);
			name = Products;
			sourceTree = "<group>";
		};
		F47A9319248EC9AF00141999 /* MarvelCharacters */ = {
			isa = PBXGroup;
			children = (
				F47A931A248EC9AF00141999 /* AppDelegate.swift */,
				F47A931C248EC9AF00141999 /* SceneDelegate.swift */,
				F47A931E248EC9AF00141999 /* ViewController.swift */,
				F47A9320248EC9AF00141999 /* Main.storyboard */,
				F47A9323248EC9B300141999 /* Assets.xcassets */,
				F47A9325248EC9B300141999 /* LaunchScreen.storyboard */,
				F47A9328248EC9B300141999 /* Info.plist */,
			);
			path = MarvelCharacters;
			sourceTree = "<group>";
		};
		F47A9330248EC9B300141999 /* MarvelCharactersTests */ = {
			isa = PBXGroup;
			children = (
				F47A9331248EC9B300141999 /* MarvelCharactersTests.swift */,
				F47A9333248EC9B300141999 /* Info.plist */,
			);
			path = MarvelCharactersTests;
			sourceTree = "<group>";
		};
/* End PBXGroup section */

/* Begin PBXNativeTarget section */
		F47A9316248EC9AF00141999 /* MarvelCharacters */ = {
			isa = PBXNativeTarget;
			buildConfigurationList = F47A9336248EC9B300141999 /* Build configuration list for PBXNativeTarget "MarvelCharacters" */;
			buildPhases = (
				F47A9313248EC9AF00141999 /* Sources */,
				F47A9314248EC9AF00141999 /* Frameworks */,
				F47A9315248EC9AF00141999 /* Resources */,
			);
			buildRules = (
			);
			dependencies = (
			);
			name = MarvelCharacters;
			productName = MarvelCharacters;
			productReference = F47A9317248EC9AF00141999 /* MarvelCharacters.app */;
			productType = "com.apple.product-type.application";
		};
		F47A932C248EC9B300141999 /* MarvelCharactersTests */ = {
			isa = PBXNativeTarget;
			buildConfigurationList = F47A9339248EC9B300141999 /* Build configuration list for PBXNativeTarget "MarvelCharactersTests" */;
			buildPhases = (
				F47A9329248EC9B300141999 /* Sources */,
				F47A932A248EC9B300141999 /* Frameworks */,
				F47A932B248EC9B300141999 /* Resources */,
			);
			buildRules = (
			);
			dependencies = (
				F47A932F248EC9B300141999 /* PBXTargetDependency */,
			);
			name = MarvelCharactersTests;
			productName = MarvelCharactersTests;
			productReference = F47A932D248EC9B300141999 /* MarvelCharactersTests.xctest */;
			productType = "com.apple.product-type.bundle.unit-test";
		};
/* End PBXNativeTarget section */

/* Begin PBXProject section */
		F47A930F248EC9AE00141999 /* Project object */ = {
			isa = PBXProject;
			attributes = {
				LastSwiftUpdateCheck = 1130;
				LastUpgradeCheck = 1130;
				ORGANIZATIONNAME = "gurkan soykan";
				TargetAttributes = {
					F47A9316248EC9AF00141999 = {
						CreatedOnToolsVersion = 11.3;
					};
					F47A932C248EC9B300141999 = {
						CreatedOnToolsVersion = 11.3;
						TestTargetID = F47A9316248EC9AF00141999;
					};
				};
			};
			buildConfigurationList = F47A9312248EC9AE00141999 /* Build configuration list for PBXProject "MarvelCharacters" */;
			compatibilityVersion = "Xcode 9.3";
			developmentRegion = en;
			hasScannedForEncodings = 0;
			knownRegions = (
				en,
				Base,
			);
			mainGroup = F47A930E248EC9AE00141999;
			productRefGroup = F47A9318248EC9AF00141999 /* Products */;
			projectDirPath = "";
			projectRoot = "";
			targets = (
				F47A9316248EC9AF00141999 /* MarvelCharacters */,
				F47A932C248EC9B300141999 /* MarvelCharactersTests */,
			);
		};
/* End PBXProject section */

/* Begin PBXResourcesBuildPhase section */
		F47A9315248EC9AF00141999 /* Resources */ = {
			isa = PBXResourcesBuildPhase;
			buildActionMask = 2147483647;
			files = (
				F47A9327248EC9B300141999 /* LaunchScreen.storyboard in Resources */,
				F47A9324248EC9B300141999 /* Assets.xcassets in Resources */,
				F47A9322248EC9AF00141999 /* Main.storyboard in Resources */,
			);
			runOnlyForDeploymentPostprocessing = 0;
		};
		F47A932B248EC9B300141999 /* Resources */ = {
			isa = PBXResourcesBuildPhase;
			buildActionMask = 2147483647;
			files = (
			);
			runOnlyForDeploymentPostprocessing = 0;
		};
/* End PBXResourcesBuildPhase section */

/* Begin PBXSourcesBuildPhase section */
		F47A9313248EC9AF00141999 /* Sources */ = {
			isa = PBXSourcesBuildPhase;
			buildActionMask = 2147483647;
			files = (
				F47A931F248EC9AF00141999 /* ViewController.swift in Sources */,
				F47A931B248EC9AF00141999 /* AppDelegate.swift in Sources */,
				F47A931D248EC9AF00141999 /* SceneDelegate.swift in Sources */,
			);
			runOnlyForDeploymentPostprocessing = 0;
		};
		F47A9329248EC9B300141999 /* Sources */ = {
			isa = PBXSourcesBuildPhase;
			buildActionMask = 2147483647;
			files = (
				F47A9332248EC9B300141999 /* MarvelCharactersTests.swift in Sources */,
			);
			runOnlyForDeploymentPostprocessing = 0;
		};
/* End PBXSourcesBuildPhase section */

/* Begin PBXTargetDependency section */
		F47A932F248EC9B300141999 /* PBXTargetDependency */ = {
			isa = PBXTargetDependency;
			target = F47A9316248EC9AF00141999 /* MarvelCharacters */;
			targetProxy = F47A932E248EC9B300141999 /* PBXContainerItemProxy */;
		};
/* End PBXTargetDependency section */

/* Begin PBXVariantGroup section */
		F47A9320248EC9AF00141999 /* Main.storyboard */ = {
			isa = PBXVariantGroup;
			children = (
				F47A9321248EC9AF00141999 /* Base */,
			);
			name = Main.storyboard;
			sourceTree = "<group>";
		};
		F47A9325248EC9B300141999 /* LaunchScreen.storyboard */ = {
			isa = PBXVariantGroup;
			children = (
				F47A9326248EC9B300141999 /* Base */,
			);
			name = LaunchScreen.storyboard;
			sourceTree = "<group>";
		};
/* End PBXVariantGroup section */

/* Begin XCBuildConfiguration section */
		F47A9334248EC9B300141999 /* Debug */ = {
			isa = XCBuildConfiguration;
			buildSettings = {
				ALWAYS_SEARCH_USER_PATHS = NO;
				CLANG_ANALYZER_NONNULL = YES;
				CLANG_ANALYZER_NUMBER_OBJECT_CONVERSION = YES_AGGRESSIVE;
				CLANG_CXX_LANGUAGE_STANDARD = "gnu++14";
				CLANG_CXX_LIBRARY = "libc++";
				CLANG_ENABLE_MODULES = YES;
				CLANG_ENABLE_OBJC_ARC = YES;
				CLANG_ENABLE_OBJC_WEAK = YES;
				CLANG_WARN_BLOCK_CAPTURE_AUTORELEASING = YES;
				CLANG_WARN_BOOL_CONVERSION = YES;
				CLANG_WARN_COMMA = YES;
				CLANG_WARN_CONSTANT_CONVERSION = YES;
				CLANG_WARN_DEPRECATED_OBJC_IMPLEMENTATIONS = YES;
				CLANG_WARN_DIRECT_OBJC_ISA_USAGE = YES_ERROR;
				CLANG_WARN_DOCUMENTATION_COMMENTS = YES;
				CLANG_WARN_EMPTY_BODY = YES;
				CLANG_WARN_ENUM_CONVERSION = YES;
				CLANG_WARN_INFINITE_RECURSION = YES;
				CLANG_WARN_INT_CONVERSION = YES;
				CLANG_WARN_NON_LITERAL_NULL_CONVERSION = YES;
				CLANG_WARN_OBJC_IMPLICIT_RETAIN_SELF = YES;
				CLANG_WARN_OBJC_LITERAL_CONVERSION = YES;
				CLANG_WARN_OBJC_ROOT_CLASS = YES_ERROR;
				CLANG_WARN_RANGE_LOOP_ANALYSIS = YES;
				CLANG_WARN_STRICT_PROTOTYPES = YES;
				CLANG_WARN_SUSPICIOUS_MOVE = YES;
				CLANG_WARN_UNGUARDED_AVAILABILITY = YES_AGGRESSIVE;
				CLANG_WARN_UNREACHABLE_CODE = YES;
				CLANG_WARN__DUPLICATE_METHOD_MATCH = YES;
				COPY_PHASE_STRIP = NO;
				DEBUG_INFORMATION_FORMAT = dwarf;
				ENABLE_STRICT_OBJC_MSGSEND = YES;
				ENABLE_TESTABILITY = YES;
				GCC_C_LANGUAGE_STANDARD = gnu11;
				GCC_DYNAMIC_NO_PIC = NO;
				GCC_NO_COMMON_BLOCKS = YES;
				GCC_OPTIMIZATION_LEVEL = 0;
				GCC_PREPROCESSOR_DEFINITIONS = (
					"DEBUG=1",
					"$(inherited)",
				);
				GCC_WARN_64_TO_32_BIT_CONVERSION = YES;
				GCC_WARN_ABOUT_RETURN_TYPE = YES_ERROR;
				GCC_WARN_UNDECLARED_SELECTOR = YES;
				GCC_WARN_UNINITIALIZED_AUTOS = YES_AGGRESSIVE;
				GCC_WARN_UNUSED_FUNCTION = YES;
				GCC_WARN_UNUSED_VARIABLE = YES;
				IPHONEOS_DEPLOYMENT_TARGET = 13.2;
				MTL_ENABLE_DEBUG_INFO = INCLUDE_SOURCE;
				MTL_FAST_MATH = YES;
				ONLY_ACTIVE_ARCH = YES;
				SDKROOT = iphoneos;
				SWIFT_ACTIVE_COMPILATION_CONDITIONS = DEBUG;
				SWIFT_OPTIMIZATION_LEVEL = "-Onone";
			};
			name = Debug;
		};
		F47A9335248EC9B300141999 /* Release */ = {
			isa = XCBuildConfiguration;
			buildSettings = {
				ALWAYS_SEARCH_USER_PATHS = NO;
				CLANG_ANALYZER_NONNULL = YES;
				CLANG_ANALYZER_NUMBER_OBJECT_CONVERSION = YES_AGGRESSIVE;
				CLANG_CXX_LANGUAGE_STANDARD = "gnu++14";
				CLANG_CXX_LIBRARY = "libc++";
				CLANG_ENABLE_MODULES = YES;
				CLANG_ENABLE_OBJC_ARC = YES;
				CLANG_ENABLE_OBJC_WEAK = YES;
				CLANG_WARN_BLOCK_CAPTURE_AUTORELEASING = YES;
				CLANG_WARN_BOOL_CONVERSION = YES;
				CLANG_WARN_COMMA = YES;
				CLANG_WARN_CONSTANT_CONVERSION = YES;
				CLANG_WARN_DEPRECATED_OBJC_IMPLEMENTATIONS = YES;
				CLANG_WARN_DIRECT_OBJC_ISA_USAGE = YES_ERROR;
				CLANG_WARN_DOCUMENTATION_COMMENTS = YES;
				CLANG_WARN_EMPTY_BODY = YES;
				CLANG_WARN_ENUM_CONVERSION = YES;
				CLANG_WARN_INFINITE_RECURSION = YES;
				CLANG_WARN_INT_CONVERSION = YES;
				CLANG_WARN_NON_LITERAL_NULL_CONVERSION = YES;
				CLANG_WARN_OBJC_IMPLICIT_RETAIN_SELF = YES;
				CLANG_WARN_OBJC_LITERAL_CONVERSION = YES;
				CLANG_WARN_OBJC_ROOT_CLASS = YES_ERROR;
				CLANG_WARN_RANGE_LOOP_ANALYSIS = YES;
				CLANG_WARN_STRICT_PROTOTYPES = YES;
				CLANG_WARN_SUSPICIOUS_MOVE = YES;
				CLANG_WARN_UNGUARDED_AVAILABILITY = YES_AGGRESSIVE;
				CLANG_WARN_UNREACHABLE_CODE = YES;
				CLANG_WARN__DUPLICATE_METHOD_MATCH = YES;
				COPY_PHASE_STRIP = NO;
				DEBUG_INFORMATION_FORMAT = "dwarf-with-dsym";
				ENABLE_NS_ASSERTIONS = NO;
				ENABLE_STRICT_OBJC_MSGSEND = YES;
				GCC_C_LANGUAGE_STANDARD = gnu11;
				GCC_NO_COMMON_BLOCKS = YES;
				GCC_WARN_64_TO_32_BIT_CONVERSION = YES;
				GCC_WARN_ABOUT_RETURN_TYPE = YES_ERROR;
				GCC_WARN_UNDECLARED_SELECTOR = YES;
				GCC_WARN_UNINITIALIZED_AUTOS = YES_AGGRESSIVE;
				GCC_WARN_UNUSED_FUNCTION = YES;
				GCC_WARN_UNUSED_VARIABLE = YES;
				IPHONEOS_DEPLOYMENT_TARGET = 13.2;
				MTL_ENABLE_DEBUG_INFO = NO;
				MTL_FAST_MATH = YES;
				SDKROOT = iphoneos;
				SWIFT_COMPILATION_MODE = wholemodule;
				SWIFT_OPTIMIZATION_LEVEL = "-O";
				VALIDATE_PRODUCT = YES;
			};
			name = Release;
		};
		F47A9337248EC9B300141999 /* Debug */ = {
			isa = XCBuildConfiguration;
			buildSettings = {
				ASSETCATALOG_COMPILER_APPICON_NAME = AppIcon;
				CODE_SIGN_STYLE = Automatic;
				DEVELOPMENT_TEAM = KW7Q5C557D;
				INFOPLIST_FILE = MarvelCharacters/Info.plist;
				LD_RUNPATH_SEARCH_PATHS = (
					"$(inherited)",
					"@executable_path/Frameworks",
				);
				PRODUCT_BUNDLE_IDENTIFIER = gsoykan.MarvelCharacters;
				PRODUCT_NAME = "$(TARGET_NAME)";
				SWIFT_VERSION = 5.0;
				TARGETED_DEVICE_FAMILY = "1,2";
			};
			name = Debug;
		};
		F47A9338248EC9B300141999 /* Release */ = {
			isa = XCBuildConfiguration;
			buildSettings = {
				ASSETCATALOG_COMPILER_APPICON_NAME = AppIcon;
				CODE_SIGN_STYLE = Automatic;
				DEVELOPMENT_TEAM = KW7Q5C557D;
				INFOPLIST_FILE = MarvelCharacters/Info.plist;
				LD_RUNPATH_SEARCH_PATHS = (
					"$(inherited)",
					"@executable_path/Frameworks",
				);
				PRODUCT_BUNDLE_IDENTIFIER = gsoykan.MarvelCharacters;
				PRODUCT_NAME = "$(TARGET_NAME)";
				SWIFT_VERSION = 5.0;
				TARGETED_DEVICE_FAMILY = "1,2";
			};
			name = Release;
		};
		F47A933A248EC9B300141999 /* Debug */ = {
			isa = XCBuildConfiguration;
			buildSettings = {
				ALWAYS_EMBED_SWIFT_STANDARD_LIBRARIES = YES;
				BUNDLE_LOADER = "$(TEST_HOST)";
				CODE_SIGN_STYLE = Automatic;
				DEVELOPMENT_TEAM = KW7Q5C557D;
				INFOPLIST_FILE = MarvelCharactersTests/Info.plist;
				IPHONEOS_DEPLOYMENT_TARGET = 13.2;
				LD_RUNPATH_SEARCH_PATHS = (
					"$(inherited)",
					"@executable_path/Frameworks",
					"@loader_path/Frameworks",
				);
				PRODUCT_BUNDLE_IDENTIFIER = gsoykan.MarvelCharactersTests;
				PRODUCT_NAME = "$(TARGET_NAME)";
				SWIFT_VERSION = 5.0;
				TARGETED_DEVICE_FAMILY = "1,2";
				TEST_HOST = "$(BUILT_PRODUCTS_DIR)/MarvelCharacters.app/MarvelCharacters";
			};
			name = Debug;
		};
		F47A933B248EC9B300141999 /* Release */ = {
			isa = XCBuildConfiguration;
			buildSettings = {
				ALWAYS_EMBED_SWIFT_STANDARD_LIBRARIES = YES;
				BUNDLE_LOADER = "$(TEST_HOST)";
				CODE_SIGN_STYLE = Automatic;
				DEVELOPMENT_TEAM = KW7Q5C557D;
				INFOPLIST_FILE = MarvelCharactersTests/Info.plist;
				IPHONEOS_DEPLOYMENT_TARGET = 13.2;
				LD_RUNPATH_SEARCH_PATHS = (
					"$(inherited)",
					"@executable_path/Frameworks",
					"@loader_path/Frameworks",
				);
				PRODUCT_BUNDLE_IDENTIFIER = gsoykan.MarvelCharactersTests;
				PRODUCT_NAME = "$(TARGET_NAME)";
				SWIFT_VERSION = 5.0;
				TARGETED_DEVICE_FAMILY = "1,2";
				TEST_HOST = "$(BUILT_PRODUCTS_DIR)/MarvelCharacters.app/MarvelCharacters";
			};
			name = Release;
		};
/* End XCBuildConfiguration section */

/* Begin XCConfigurationList section */
		F47A9312248EC9AE00141999 /* Build configuration list for PBXProject "MarvelCharacters" */ = {
			isa = XCConfigurationList;
			buildConfigurations = (
				F47A9334248EC9B300141999 /* Debug */,
				F47A9335248EC9B300141999 /* Release */,
			);
			defaultConfigurationIsVisible = 0;
			defaultConfigurationName = Release;
		};
		F47A9336248EC9B300141999 /* Build configuration list for PBXNativeTarget "MarvelCharacters" */ = {
			isa = XCConfigurationList;
			buildConfigurations = (
				F47A9337248EC9B300141999 /* Debug */,
				F47A9338248EC9B300141999 /* Release */,
			);
			defaultConfigurationIsVisible = 0;
			defaultConfigurationName = Release;
		};
		F47A9339248EC9B300141999 /* Build configuration list for PBXNativeTarget "MarvelCharactersTests" */ = {
			isa = XCConfigurationList;
			buildConfigurations = (
				F47A933A248EC9B300141999 /* Debug */,
				F47A933B248EC9B300141999 /* Release */,
			);
			defaultConfigurationIsVisible = 0;
			defaultConfigurationName = Release;
		};
/* End XCConfigurationList section */
	};
	rootObject = F47A930F248EC9AE00141999 /* Project object */;
}
